// !$*UTF8*$!
{
	archiveVersion = 1;
	classes = {
	};
	objectVersion = 51;
	objects = {

/* Begin PBXBuildFile section */
		B52932C126D3A74200727F1D /* GenresTableViewController.swift in Sources */ = {isa = PBXBuildFile; fileRef = B52932C026D3A74200727F1D /* GenresTableViewController.swift */; };
		B52932C426D3B1D600727F1D /* MoviesFromGenreTableViewController.swift in Sources */ = {isa = PBXBuildFile; fileRef = B52932C326D3B1D600727F1D /* MoviesFromGenreTableViewController.swift */; };
		B52932C726D3BE9C00727F1D /* MoviePrimaryInfoViewController.swift in Sources */ = {isa = PBXBuildFile; fileRef = B52932C626D3BE9C00727F1D /* MoviePrimaryInfoViewController.swift */; };
		B52932CB26D3D6BF00727F1D /* UserReviewTableViewController.swift in Sources */ = {isa = PBXBuildFile; fileRef = B52932CA26D3D6BF00727F1D /* UserReviewTableViewController.swift */; };
		B57E3F3426D2518A00708D4E /* AppDelegate.swift in Sources */ = {isa = PBXBuildFile; fileRef = B57E3F3326D2518A00708D4E /* AppDelegate.swift */; };
		B57E3F3B26D2518A00708D4E /* Main.storyboard in Resources */ = {isa = PBXBuildFile; fileRef = B57E3F3926D2518A00708D4E /* Main.storyboard */; };
		B57E3F3D26D2518D00708D4E /* Assets.xcassets in Resources */ = {isa = PBXBuildFile; fileRef = B57E3F3C26D2518D00708D4E /* Assets.xcassets */; };
		B57E3F4026D2518D00708D4E /* LaunchScreen.storyboard in Resources */ = {isa = PBXBuildFile; fileRef = B57E3F3E26D2518D00708D4E /* LaunchScreen.storyboard */; };
		B5CE75E426D385D800908EDF /* APIHTTPRequest.swift in Sources */ = {isa = PBXBuildFile; fileRef = B5CE75E326D385D800908EDF /* APIHTTPRequest.swift */; };
		B5CE75EB26D3954F00908EDF /* Interface.swift in Sources */ = {isa = PBXBuildFile; fileRef = B5CE75EA26D3954F00908EDF /* Interface.swift */; };
		B5D0A5692A7CF7B9005EC1BD /* GenreInteractor.swift in Sources */ = {isa = PBXBuildFile; fileRef = B5D0A5682A7CF7B9005EC1BD /* GenreInteractor.swift */; };
		B5D0A56B2A7CF7CA005EC1BD /* GenreProtocols.swift in Sources */ = {isa = PBXBuildFile; fileRef = B5D0A56A2A7CF7CA005EC1BD /* GenreProtocols.swift */; };
		B5D0A56D2A7CFD5C005EC1BD /* GenreModel.swift in Sources */ = {isa = PBXBuildFile; fileRef = B5D0A56C2A7CFD5B005EC1BD /* GenreModel.swift */; };
		B5D0A56F2A7CFDD4005EC1BD /* GenrePresenter.swift in Sources */ = {isa = PBXBuildFile; fileRef = B5D0A56E2A7CFDD4005EC1BD /* GenrePresenter.swift */; };
		B5D0A5712A7D0442005EC1BD /* GenreRouter.swift in Sources */ = {isa = PBXBuildFile; fileRef = B5D0A5702A7D0442005EC1BD /* GenreRouter.swift */; };
		B5D0A5732A7D0CDF005EC1BD /* MoviesByGenreResponseModel.swift in Sources */ = {isa = PBXBuildFile; fileRef = B5D0A5722A7D0CDF005EC1BD /* MoviesByGenreResponseModel.swift */; };
		B5D0A5752A7D0D0E005EC1BD /* MoviesByGenreResultsModel.swift in Sources */ = {isa = PBXBuildFile; fileRef = B5D0A5742A7D0D0E005EC1BD /* MoviesByGenreResultsModel.swift */; };
		B5D0A5772A7D0E3B005EC1BD /* MoviePrimaryInfoModel.swift in Sources */ = {isa = PBXBuildFile; fileRef = B5D0A5762A7D0E3B005EC1BD /* MoviePrimaryInfoModel.swift */; };
		B5D0A5792A7D0ED0005EC1BD /* MovieProductionCompaniesModel.swift in Sources */ = {isa = PBXBuildFile; fileRef = B5D0A5782A7D0ED0005EC1BD /* MovieProductionCompaniesModel.swift */; };
		B5D0A57B2A7D0F12005EC1BD /* MovieProductionCountriesModel.swift in Sources */ = {isa = PBXBuildFile; fileRef = B5D0A57A2A7D0F12005EC1BD /* MovieProductionCountriesModel.swift */; };
		B5D0A57D2A7D0F7A005EC1BD /* MovieSpokenLanguagesModel.swift in Sources */ = {isa = PBXBuildFile; fileRef = B5D0A57C2A7D0F7A005EC1BD /* MovieSpokenLanguagesModel.swift */; };
		B5D0A57F2A7D1085005EC1BD /* UserReviewResponseModel.swift in Sources */ = {isa = PBXBuildFile; fileRef = B5D0A57E2A7D1085005EC1BD /* UserReviewResponseModel.swift */; };
		B5D0A5812A7D10C2005EC1BD /* UserReviewResultsModel.swift in Sources */ = {isa = PBXBuildFile; fileRef = B5D0A5802A7D10C2005EC1BD /* UserReviewResultsModel.swift */; };
		B5D0A5832A7D112C005EC1BD /* UserReviewAuthorDetailModel.swift in Sources */ = {isa = PBXBuildFile; fileRef = B5D0A5822A7D112B005EC1BD /* UserReviewAuthorDetailModel.swift */; };
		B5D0A5852A7D1189005EC1BD /* GenreResponseModel.swift in Sources */ = {isa = PBXBuildFile; fileRef = B5D0A5842A7D1189005EC1BD /* GenreResponseModel.swift */; };
		B5D0A5872A7D12D9005EC1BD /* MoviesFromGenreProtocols.swift in Sources */ = {isa = PBXBuildFile; fileRef = B5D0A5862A7D12D9005EC1BD /* MoviesFromGenreProtocols.swift */; };
		B5D0A5892A7D149D005EC1BD /* MoviePrimaryInfoProtocols.swift in Sources */ = {isa = PBXBuildFile; fileRef = B5D0A5882A7D149D005EC1BD /* MoviePrimaryInfoProtocols.swift */; };
		B5D0A58B2A7D14BE005EC1BD /* UserReviewProtocols.swift in Sources */ = {isa = PBXBuildFile; fileRef = B5D0A58A2A7D14BE005EC1BD /* UserReviewProtocols.swift */; };
		B5D0A58D2A7D14DB005EC1BD /* MoviesFromGenreRouter.swift in Sources */ = {isa = PBXBuildFile; fileRef = B5D0A58C2A7D14DB005EC1BD /* MoviesFromGenreRouter.swift */; };
		B5D0A58F2A7D14E8005EC1BD /* MoviePrimaryInfoRouter.swift in Sources */ = {isa = PBXBuildFile; fileRef = B5D0A58E2A7D14E8005EC1BD /* MoviePrimaryInfoRouter.swift */; };
		B5D0A5912A7D14F0005EC1BD /* UserReviewRouter.swift in Sources */ = {isa = PBXBuildFile; fileRef = B5D0A5902A7D14F0005EC1BD /* UserReviewRouter.swift */; };
		B5D0A5932A7D1926005EC1BD /* MoviesFromGenreInteractor.swift in Sources */ = {isa = PBXBuildFile; fileRef = B5D0A5922A7D1926005EC1BD /* MoviesFromGenreInteractor.swift */; };
		B5D0A5952A7D1A73005EC1BD /* MoviesFromGenrePresenter.swift in Sources */ = {isa = PBXBuildFile; fileRef = B5D0A5942A7D1A73005EC1BD /* MoviesFromGenrePresenter.swift */; };
		B5D0A5972A7D1B4E005EC1BD /* MoviePrimaryInfoPresenter.swift in Sources */ = {isa = PBXBuildFile; fileRef = B5D0A5962A7D1B4E005EC1BD /* MoviePrimaryInfoPresenter.swift */; };
		B5D0A5992A7D1C73005EC1BD /* MoviePrimaryInfoInteractor.swift in Sources */ = {isa = PBXBuildFile; fileRef = B5D0A5982A7D1C73005EC1BD /* MoviePrimaryInfoInteractor.swift */; };
		B5D0A59B2A7D1E4A005EC1BD /* MovieVideosResponseModel.swift in Sources */ = {isa = PBXBuildFile; fileRef = B5D0A59A2A7D1E4A005EC1BD /* MovieVideosResponseModel.swift */; };
		B5D0A59D2A7D1EAA005EC1BD /* MovieVideosResultModel.swift in Sources */ = {isa = PBXBuildFile; fileRef = B5D0A59C2A7D1EAA005EC1BD /* MovieVideosResultModel.swift */; };
		B5D0A59F2A7D22D3005EC1BD /* UserReviewInteractor.swift in Sources */ = {isa = PBXBuildFile; fileRef = B5D0A59E2A7D22D3005EC1BD /* UserReviewInteractor.swift */; };
		B5D0A5A12A7D22E5005EC1BD /* UserReviewPresenter.swift in Sources */ = {isa = PBXBuildFile; fileRef = B5D0A5A02A7D22E5005EC1BD /* UserReviewPresenter.swift */; };
		CE6133FC788486FBAC85BBF4 /* Pods_TheMovieDB.framework in Frameworks */ = {isa = PBXBuildFile; fileRef = A748295633F840BD9F32ADBC /* Pods_TheMovieDB.framework */; };
/* End PBXBuildFile section */

/* Begin PBXFileReference section */
		583DFDE141E420E8ACB4587A /* Pods-TheMovieDB.release.xcconfig */ = {isa = PBXFileReference; includeInIndex = 1; lastKnownFileType = text.xcconfig; name = "Pods-TheMovieDB.release.xcconfig"; path = "Target Support Files/Pods-TheMovieDB/Pods-TheMovieDB.release.xcconfig"; sourceTree = "<group>"; };
		985CF656339CEF94FA807ECF /* Pods-TheMovieDB.debug.xcconfig */ = {isa = PBXFileReference; includeInIndex = 1; lastKnownFileType = text.xcconfig; name = "Pods-TheMovieDB.debug.xcconfig"; path = "Target Support Files/Pods-TheMovieDB/Pods-TheMovieDB.debug.xcconfig"; sourceTree = "<group>"; };
		A748295633F840BD9F32ADBC /* Pods_TheMovieDB.framework */ = {isa = PBXFileReference; explicitFileType = wrapper.framework; includeInIndex = 0; path = Pods_TheMovieDB.framework; sourceTree = BUILT_PRODUCTS_DIR; };
		B52932C026D3A74200727F1D /* GenresTableViewController.swift */ = {isa = PBXFileReference; lastKnownFileType = sourcecode.swift; path = GenresTableViewController.swift; sourceTree = "<group>"; };
		B52932C326D3B1D600727F1D /* MoviesFromGenreTableViewController.swift */ = {isa = PBXFileReference; lastKnownFileType = sourcecode.swift; path = MoviesFromGenreTableViewController.swift; sourceTree = "<group>"; };
		B52932C626D3BE9C00727F1D /* MoviePrimaryInfoViewController.swift */ = {isa = PBXFileReference; lastKnownFileType = sourcecode.swift; path = MoviePrimaryInfoViewController.swift; sourceTree = "<group>"; };
		B52932CA26D3D6BF00727F1D /* UserReviewTableViewController.swift */ = {isa = PBXFileReference; lastKnownFileType = sourcecode.swift; path = UserReviewTableViewController.swift; sourceTree = "<group>"; };
		B57E3F3026D2518A00708D4E /* TheMovieDB.app */ = {isa = PBXFileReference; explicitFileType = wrapper.application; includeInIndex = 0; path = TheMovieDB.app; sourceTree = BUILT_PRODUCTS_DIR; };
		B57E3F3326D2518A00708D4E /* AppDelegate.swift */ = {isa = PBXFileReference; lastKnownFileType = sourcecode.swift; path = AppDelegate.swift; sourceTree = "<group>"; };
		B57E3F3A26D2518A00708D4E /* Base */ = {isa = PBXFileReference; lastKnownFileType = file.storyboard; name = Base; path = Base.lproj/Main.storyboard; sourceTree = "<group>"; };
		B57E3F3C26D2518D00708D4E /* Assets.xcassets */ = {isa = PBXFileReference; lastKnownFileType = folder.assetcatalog; path = Assets.xcassets; sourceTree = "<group>"; };
		B57E3F3F26D2518D00708D4E /* Base */ = {isa = PBXFileReference; lastKnownFileType = file.storyboard; name = Base; path = Base.lproj/LaunchScreen.storyboard; sourceTree = "<group>"; };
		B57E3F4126D2518D00708D4E /* Info.plist */ = {isa = PBXFileReference; lastKnownFileType = text.plist.xml; path = Info.plist; sourceTree = "<group>"; };
		B5CE75E326D385D800908EDF /* APIHTTPRequest.swift */ = {isa = PBXFileReference; lastKnownFileType = sourcecode.swift; path = APIHTTPRequest.swift; sourceTree = "<group>"; };
		B5CE75EA26D3954F00908EDF /* Interface.swift */ = {isa = PBXFileReference; lastKnownFileType = sourcecode.swift; path = Interface.swift; sourceTree = "<group>"; };
		B5D0A5682A7CF7B9005EC1BD /* GenreInteractor.swift */ = {isa = PBXFileReference; lastKnownFileType = sourcecode.swift; path = GenreInteractor.swift; sourceTree = "<group>"; };
		B5D0A56A2A7CF7CA005EC1BD /* GenreProtocols.swift */ = {isa = PBXFileReference; lastKnownFileType = sourcecode.swift; path = GenreProtocols.swift; sourceTree = "<group>"; };
		B5D0A56C2A7CFD5B005EC1BD /* GenreModel.swift */ = {isa = PBXFileReference; lastKnownFileType = sourcecode.swift; path = GenreModel.swift; sourceTree = "<group>"; };
		B5D0A56E2A7CFDD4005EC1BD /* GenrePresenter.swift */ = {isa = PBXFileReference; lastKnownFileType = sourcecode.swift; path = GenrePresenter.swift; sourceTree = "<group>"; };
		B5D0A5702A7D0442005EC1BD /* GenreRouter.swift */ = {isa = PBXFileReference; lastKnownFileType = sourcecode.swift; path = GenreRouter.swift; sourceTree = "<group>"; };
		B5D0A5722A7D0CDF005EC1BD /* MoviesByGenreResponseModel.swift */ = {isa = PBXFileReference; lastKnownFileType = sourcecode.swift; path = MoviesByGenreResponseModel.swift; sourceTree = "<group>"; };
		B5D0A5742A7D0D0E005EC1BD /* MoviesByGenreResultsModel.swift */ = {isa = PBXFileReference; lastKnownFileType = sourcecode.swift; path = MoviesByGenreResultsModel.swift; sourceTree = "<group>"; };
		B5D0A5762A7D0E3B005EC1BD /* MoviePrimaryInfoModel.swift */ = {isa = PBXFileReference; lastKnownFileType = sourcecode.swift; path = MoviePrimaryInfoModel.swift; sourceTree = "<group>"; };
		B5D0A5782A7D0ED0005EC1BD /* MovieProductionCompaniesModel.swift */ = {isa = PBXFileReference; lastKnownFileType = sourcecode.swift; path = MovieProductionCompaniesModel.swift; sourceTree = "<group>"; };
		B5D0A57A2A7D0F12005EC1BD /* MovieProductionCountriesModel.swift */ = {isa = PBXFileReference; lastKnownFileType = sourcecode.swift; path = MovieProductionCountriesModel.swift; sourceTree = "<group>"; };
		B5D0A57C2A7D0F7A005EC1BD /* MovieSpokenLanguagesModel.swift */ = {isa = PBXFileReference; lastKnownFileType = sourcecode.swift; path = MovieSpokenLanguagesModel.swift; sourceTree = "<group>"; };
		B5D0A57E2A7D1085005EC1BD /* UserReviewResponseModel.swift */ = {isa = PBXFileReference; lastKnownFileType = sourcecode.swift; path = UserReviewResponseModel.swift; sourceTree = "<group>"; };
		B5D0A5802A7D10C2005EC1BD /* UserReviewResultsModel.swift */ = {isa = PBXFileReference; lastKnownFileType = sourcecode.swift; path = UserReviewResultsModel.swift; sourceTree = "<group>"; };
		B5D0A5822A7D112B005EC1BD /* UserReviewAuthorDetailModel.swift */ = {isa = PBXFileReference; lastKnownFileType = sourcecode.swift; path = UserReviewAuthorDetailModel.swift; sourceTree = "<group>"; };
		B5D0A5842A7D1189005EC1BD /* GenreResponseModel.swift */ = {isa = PBXFileReference; lastKnownFileType = sourcecode.swift; path = GenreResponseModel.swift; sourceTree = "<group>"; };
		B5D0A5862A7D12D9005EC1BD /* MoviesFromGenreProtocols.swift */ = {isa = PBXFileReference; lastKnownFileType = sourcecode.swift; path = MoviesFromGenreProtocols.swift; sourceTree = "<group>"; };
		B5D0A5882A7D149D005EC1BD /* MoviePrimaryInfoProtocols.swift */ = {isa = PBXFileReference; lastKnownFileType = sourcecode.swift; path = MoviePrimaryInfoProtocols.swift; sourceTree = "<group>"; };
		B5D0A58A2A7D14BE005EC1BD /* UserReviewProtocols.swift */ = {isa = PBXFileReference; lastKnownFileType = sourcecode.swift; path = UserReviewProtocols.swift; sourceTree = "<group>"; };
		B5D0A58C2A7D14DB005EC1BD /* MoviesFromGenreRouter.swift */ = {isa = PBXFileReference; lastKnownFileType = sourcecode.swift; path = MoviesFromGenreRouter.swift; sourceTree = "<group>"; };
		B5D0A58E2A7D14E8005EC1BD /* MoviePrimaryInfoRouter.swift */ = {isa = PBXFileReference; lastKnownFileType = sourcecode.swift; path = MoviePrimaryInfoRouter.swift; sourceTree = "<group>"; };
		B5D0A5902A7D14F0005EC1BD /* UserReviewRouter.swift */ = {isa = PBXFileReference; lastKnownFileType = sourcecode.swift; path = UserReviewRouter.swift; sourceTree = "<group>"; };
		B5D0A5922A7D1926005EC1BD /* MoviesFromGenreInteractor.swift */ = {isa = PBXFileReference; lastKnownFileType = sourcecode.swift; path = MoviesFromGenreInteractor.swift; sourceTree = "<group>"; };
		B5D0A5942A7D1A73005EC1BD /* MoviesFromGenrePresenter.swift */ = {isa = PBXFileReference; lastKnownFileType = sourcecode.swift; path = MoviesFromGenrePresenter.swift; sourceTree = "<group>"; };
		B5D0A5962A7D1B4E005EC1BD /* MoviePrimaryInfoPresenter.swift */ = {isa = PBXFileReference; lastKnownFileType = sourcecode.swift; path = MoviePrimaryInfoPresenter.swift; sourceTree = "<group>"; };
		B5D0A5982A7D1C73005EC1BD /* MoviePrimaryInfoInteractor.swift */ = {isa = PBXFileReference; lastKnownFileType = sourcecode.swift; path = MoviePrimaryInfoInteractor.swift; sourceTree = "<group>"; };
		B5D0A59A2A7D1E4A005EC1BD /* MovieVideosResponseModel.swift */ = {isa = PBXFileReference; lastKnownFileType = sourcecode.swift; path = MovieVideosResponseModel.swift; sourceTree = "<group>"; };
		B5D0A59C2A7D1EAA005EC1BD /* MovieVideosResultModel.swift */ = {isa = PBXFileReference; lastKnownFileType = sourcecode.swift; path = MovieVideosResultModel.swift; sourceTree = "<group>"; };
		B5D0A59E2A7D22D3005EC1BD /* UserReviewInteractor.swift */ = {isa = PBXFileReference; lastKnownFileType = sourcecode.swift; path = UserReviewInteractor.swift; sourceTree = "<group>"; };
		B5D0A5A02A7D22E5005EC1BD /* UserReviewPresenter.swift */ = {isa = PBXFileReference; lastKnownFileType = sourcecode.swift; path = UserReviewPresenter.swift; sourceTree = "<group>"; };
/* End PBXFileReference section */

/* Begin PBXFrameworksBuildPhase section */
		B57E3F2D26D2518A00708D4E /* Frameworks */ = {
			isa = PBXFrameworksBuildPhase;
			buildActionMask = 2147483647;
			files = (
				CE6133FC788486FBAC85BBF4 /* Pods_TheMovieDB.framework in Frameworks */,
			);
			runOnlyForDeploymentPostprocessing = 0;
		};
/* End PBXFrameworksBuildPhase section */

/* Begin PBXGroup section */
		0D5E3CF116B818C7564045D5 /* Frameworks */ = {
			isa = PBXGroup;
			children = (
				A748295633F840BD9F32ADBC /* Pods_TheMovieDB.framework */,
			);
			name = Frameworks;
			sourceTree = "<group>";
		};
		B57E3F2726D2518A00708D4E = {
			isa = PBXGroup;
			children = (
				B57E3F3226D2518A00708D4E /* TheMovieDB */,
				B57E3F3126D2518A00708D4E /* Products */,
				D0F04E339ED7E17CA7C0BEA2 /* Pods */,
				0D5E3CF116B818C7564045D5 /* Frameworks */,
			);
			sourceTree = "<group>";
		};
		B57E3F3126D2518A00708D4E /* Products */ = {
			isa = PBXGroup;
			children = (
				B57E3F3026D2518A00708D4E /* TheMovieDB.app */,
			);
			name = Products;
			sourceTree = "<group>";
		};
		B57E3F3226D2518A00708D4E /* TheMovieDB */ = {
			isa = PBXGroup;
			children = (
				B5D0A55F2A7CF52B005EC1BD /* SupportingFiles */,
				B5D0A55E2A7CF50A005EC1BD /* Modules */,
			);
			path = TheMovieDB;
			sourceTree = "<group>";
		};
		B5CE75E226D3843800908EDF /* TMDBAPI */ = {
			isa = PBXGroup;
			children = (
				B5CE75E326D385D800908EDF /* APIHTTPRequest.swift */,
				B5CE75EA26D3954F00908EDF /* Interface.swift */,
			);
			path = TMDBAPI;
			sourceTree = "<group>";
		};
		B5D0A55E2A7CF50A005EC1BD /* Modules */ = {
			isa = PBXGroup;
			children = (
				B5D0A5652A7CF585005EC1BD /* Entity */,
				B5D0A5642A7CF576005EC1BD /* Router */,
				B5D0A5632A7CF570005EC1BD /* Protocols */,
				B5D0A5622A7CF567005EC1BD /* Presenter */,
				B5D0A5612A7CF54B005EC1BD /* Interactor */,
				B5D0A5602A7CF545005EC1BD /* View */,
			);
			path = Modules;
			sourceTree = "<group>";
		};
		B5D0A55F2A7CF52B005EC1BD /* SupportingFiles */ = {
			isa = PBXGroup;
			children = (
				B57E3F4126D2518D00708D4E /* Info.plist */,
				B57E3F3C26D2518D00708D4E /* Assets.xcassets */,
				B57E3F3326D2518A00708D4E /* AppDelegate.swift */,
			);
			path = SupportingFiles;
			sourceTree = "<group>";
		};
		B5D0A5602A7CF545005EC1BD /* View */ = {
			isa = PBXGroup;
			children = (
				B5D0A5672A7CF702005EC1BD /* ViewControllers */,
				B5D0A5662A7CF6F0005EC1BD /* Storyboards */,
			);
			path = View;
			sourceTree = "<group>";
		};
		B5D0A5612A7CF54B005EC1BD /* Interactor */ = {
			isa = PBXGroup;
			children = (
				B5CE75E226D3843800908EDF /* TMDBAPI */,
				B5D0A5682A7CF7B9005EC1BD /* GenreInteractor.swift */,
				B5D0A5922A7D1926005EC1BD /* MoviesFromGenreInteractor.swift */,
				B5D0A5982A7D1C73005EC1BD /* MoviePrimaryInfoInteractor.swift */,
				B5D0A59E2A7D22D3005EC1BD /* UserReviewInteractor.swift */,
			);
			path = Interactor;
			sourceTree = "<group>";
		};
		B5D0A5622A7CF567005EC1BD /* Presenter */ = {
			isa = PBXGroup;
			children = (
				B5D0A56E2A7CFDD4005EC1BD /* GenrePresenter.swift */,
				B5D0A5942A7D1A73005EC1BD /* MoviesFromGenrePresenter.swift */,
				B5D0A5962A7D1B4E005EC1BD /* MoviePrimaryInfoPresenter.swift */,
				B5D0A5A02A7D22E5005EC1BD /* UserReviewPresenter.swift */,
			);
			path = Presenter;
			sourceTree = "<group>";
		};
		B5D0A5632A7CF570005EC1BD /* Protocols */ = {
			isa = PBXGroup;
			children = (
				B5D0A56A2A7CF7CA005EC1BD /* GenreProtocols.swift */,
				B5D0A5862A7D12D9005EC1BD /* MoviesFromGenreProtocols.swift */,
				B5D0A5882A7D149D005EC1BD /* MoviePrimaryInfoProtocols.swift */,
				B5D0A58A2A7D14BE005EC1BD /* UserReviewProtocols.swift */,
			);
			path = Protocols;
			sourceTree = "<group>";
		};
		B5D0A5642A7CF576005EC1BD /* Router */ = {
			isa = PBXGroup;
			children = (
				B5D0A5702A7D0442005EC1BD /* GenreRouter.swift */,
				B5D0A58C2A7D14DB005EC1BD /* MoviesFromGenreRouter.swift */,
				B5D0A58E2A7D14E8005EC1BD /* MoviePrimaryInfoRouter.swift */,
				B5D0A5902A7D14F0005EC1BD /* UserReviewRouter.swift */,
			);
			path = Router;
			sourceTree = "<group>";
		};
		B5D0A5652A7CF585005EC1BD /* Entity */ = {
			isa = PBXGroup;
			children = (
				B5D0A5842A7D1189005EC1BD /* GenreResponseModel.swift */,
				B5D0A56C2A7CFD5B005EC1BD /* GenreModel.swift */,
				B5D0A5722A7D0CDF005EC1BD /* MoviesByGenreResponseModel.swift */,
				B5D0A5742A7D0D0E005EC1BD /* MoviesByGenreResultsModel.swift */,
				B5D0A5762A7D0E3B005EC1BD /* MoviePrimaryInfoModel.swift */,
				B5D0A5782A7D0ED0005EC1BD /* MovieProductionCompaniesModel.swift */,
				B5D0A57A2A7D0F12005EC1BD /* MovieProductionCountriesModel.swift */,
				B5D0A57C2A7D0F7A005EC1BD /* MovieSpokenLanguagesModel.swift */,
				B5D0A57E2A7D1085005EC1BD /* UserReviewResponseModel.swift */,
				B5D0A5802A7D10C2005EC1BD /* UserReviewResultsModel.swift */,
				B5D0A5822A7D112B005EC1BD /* UserReviewAuthorDetailModel.swift */,
				B5D0A59A2A7D1E4A005EC1BD /* MovieVideosResponseModel.swift */,
				B5D0A59C2A7D1EAA005EC1BD /* MovieVideosResultModel.swift */,
			);
			path = Entity;
			sourceTree = "<group>";
		};
		B5D0A5662A7CF6F0005EC1BD /* Storyboards */ = {
			isa = PBXGroup;
			children = (
				B57E3F3926D2518A00708D4E /* Main.storyboard */,
				B57E3F3E26D2518D00708D4E /* LaunchScreen.storyboard */,
			);
			path = Storyboards;
			sourceTree = "<group>";
		};
		B5D0A5672A7CF702005EC1BD /* ViewControllers */ = {
			isa = PBXGroup;
			children = (
				B52932C026D3A74200727F1D /* GenresTableViewController.swift */,
				B52932C326D3B1D600727F1D /* MoviesFromGenreTableViewController.swift */,
				B52932C626D3BE9C00727F1D /* MoviePrimaryInfoViewController.swift */,
				B52932CA26D3D6BF00727F1D /* UserReviewTableViewController.swift */,
			);
			path = ViewControllers;
			sourceTree = "<group>";
		};
		D0F04E339ED7E17CA7C0BEA2 /* Pods */ = {
			isa = PBXGroup;
			children = (
				985CF656339CEF94FA807ECF /* Pods-TheMovieDB.debug.xcconfig */,
				583DFDE141E420E8ACB4587A /* Pods-TheMovieDB.release.xcconfig */,
			);
			path = Pods;
			sourceTree = "<group>";
		};
/* End PBXGroup section */

/* Begin PBXNativeTarget section */
		B57E3F2F26D2518A00708D4E /* TheMovieDB */ = {
			isa = PBXNativeTarget;
			buildConfigurationList = B57E3F4426D2518D00708D4E /* Build configuration list for PBXNativeTarget "TheMovieDB" */;
			buildPhases = (
				4912D9CF44973632E0FCDB72 /* [CP] Check Pods Manifest.lock */,
				B57E3F2C26D2518A00708D4E /* Sources */,
				B57E3F2D26D2518A00708D4E /* Frameworks */,
				B57E3F2E26D2518A00708D4E /* Resources */,
				CD6B2A1A57FF52A0CE6058E4 /* [CP] Embed Pods Frameworks */,
			);
			buildRules = (
			);
			dependencies = (
			);
			name = TheMovieDB;
			productName = TheMovieDB;
			productReference = B57E3F3026D2518A00708D4E /* TheMovieDB.app */;
			productType = "com.apple.product-type.application";
		};
/* End PBXNativeTarget section */

/* Begin PBXProject section */
		B57E3F2826D2518A00708D4E /* Project object */ = {
			isa = PBXProject;
			attributes = {
				LastSwiftUpdateCheck = 1240;
				LastUpgradeCheck = 1240;
				TargetAttributes = {
					B57E3F2F26D2518A00708D4E = {
						CreatedOnToolsVersion = 12.4;
					};
				};
			};
			buildConfigurationList = B57E3F2B26D2518A00708D4E /* Build configuration list for PBXProject "TheMovieDB" */;
			compatibilityVersion = "Xcode 9.3";
			developmentRegion = en;
			hasScannedForEncodings = 0;
			knownRegions = (
				en,
				Base,
			);
			mainGroup = B57E3F2726D2518A00708D4E;
			productRefGroup = B57E3F3126D2518A00708D4E /* Products */;
			projectDirPath = "";
			projectRoot = "";
			targets = (
				B57E3F2F26D2518A00708D4E /* TheMovieDB */,
			);
		};
/* End PBXProject section */

/* Begin PBXResourcesBuildPhase section */
		B57E3F2E26D2518A00708D4E /* Resources */ = {
			isa = PBXResourcesBuildPhase;
			buildActionMask = 2147483647;
			files = (
				B57E3F4026D2518D00708D4E /* LaunchScreen.storyboard in Resources */,
				B57E3F3D26D2518D00708D4E /* Assets.xcassets in Resources */,
				B57E3F3B26D2518A00708D4E /* Main.storyboard in Resources */,
			);
			runOnlyForDeploymentPostprocessing = 0;
		};
/* End PBXResourcesBuildPhase section */

/* Begin PBXShellScriptBuildPhase section */
		4912D9CF44973632E0FCDB72 /* [CP] Check Pods Manifest.lock */ = {
			isa = PBXShellScriptBuildPhase;
			buildActionMask = 2147483647;
			files = (
			);
			inputFileListPaths = (
			);
			inputPaths = (
				"${PODS_PODFILE_DIR_PATH}/Podfile.lock",
				"${PODS_ROOT}/Manifest.lock",
			);
			name = "[CP] Check Pods Manifest.lock";
			outputFileListPaths = (
			);
			outputPaths = (
				"$(DERIVED_FILE_DIR)/Pods-TheMovieDB-checkManifestLockResult.txt",
			);
			runOnlyForDeploymentPostprocessing = 0;
			shellPath = /bin/sh;
			shellScript = "diff \"${PODS_PODFILE_DIR_PATH}/Podfile.lock\" \"${PODS_ROOT}/Manifest.lock\" > /dev/null\nif [ $? != 0 ] ; then\n    # print error to STDERR\n    echo \"error: The sandbox is not in sync with the Podfile.lock. Run 'pod install' or update your CocoaPods installation.\" >&2\n    exit 1\nfi\n# This output is used by Xcode 'outputs' to avoid re-running this script phase.\necho \"SUCCESS\" > \"${SCRIPT_OUTPUT_FILE_0}\"\n";
			showEnvVarsInLog = 0;
		};
		CD6B2A1A57FF52A0CE6058E4 /* [CP] Embed Pods Frameworks */ = {
			isa = PBXShellScriptBuildPhase;
			buildActionMask = 2147483647;
			files = (
			);
			inputFileListPaths = (
				"${PODS_ROOT}/Target Support Files/Pods-TheMovieDB/Pods-TheMovieDB-frameworks-${CONFIGURATION}-input-files.xcfilelist",
			);
			name = "[CP] Embed Pods Frameworks";
			outputFileListPaths = (
				"${PODS_ROOT}/Target Support Files/Pods-TheMovieDB/Pods-TheMovieDB-frameworks-${CONFIGURATION}-output-files.xcfilelist",
			);
			runOnlyForDeploymentPostprocessing = 0;
			shellPath = /bin/sh;
			shellScript = "\"${PODS_ROOT}/Target Support Files/Pods-TheMovieDB/Pods-TheMovieDB-frameworks.sh\"\n";
			showEnvVarsInLog = 0;
		};
/* End PBXShellScriptBuildPhase section */

/* Begin PBXSourcesBuildPhase section */
		B57E3F2C26D2518A00708D4E /* Sources */ = {
			isa = PBXSourcesBuildPhase;
			buildActionMask = 2147483647;
			files = (
				B5D0A57B2A7D0F12005EC1BD /* MovieProductionCountriesModel.swift in Sources */,
				B5D0A5752A7D0D0E005EC1BD /* MoviesByGenreResultsModel.swift in Sources */,
				B5D0A57D2A7D0F7A005EC1BD /* MovieSpokenLanguagesModel.swift in Sources */,
				B5D0A58D2A7D14DB005EC1BD /* MoviesFromGenreRouter.swift in Sources */,
				B52932C426D3B1D600727F1D /* MoviesFromGenreTableViewController.swift in Sources */,
				B5D0A56F2A7CFDD4005EC1BD /* GenrePresenter.swift in Sources */,
				B5D0A5832A7D112C005EC1BD /* UserReviewAuthorDetailModel.swift in Sources */,
				B5D0A59B2A7D1E4A005EC1BD /* MovieVideosResponseModel.swift in Sources */,
				B5D0A5772A7D0E3B005EC1BD /* MoviePrimaryInfoModel.swift in Sources */,
				B5D0A5892A7D149D005EC1BD /* MoviePrimaryInfoProtocols.swift in Sources */,
				B5D0A56D2A7CFD5C005EC1BD /* GenreModel.swift in Sources */,
				B5D0A5692A7CF7B9005EC1BD /* GenreInteractor.swift in Sources */,
				B5D0A5972A7D1B4E005EC1BD /* MoviePrimaryInfoPresenter.swift in Sources */,
				B5D0A5992A7D1C73005EC1BD /* MoviePrimaryInfoInteractor.swift in Sources */,
				B5D0A58B2A7D14BE005EC1BD /* UserReviewProtocols.swift in Sources */,
				B5D0A56B2A7CF7CA005EC1BD /* GenreProtocols.swift in Sources */,
				B5D0A5852A7D1189005EC1BD /* GenreResponseModel.swift in Sources */,
				B5D0A5872A7D12D9005EC1BD /* MoviesFromGenreProtocols.swift in Sources */,
				B5CE75E426D385D800908EDF /* APIHTTPRequest.swift in Sources */,
				B52932C126D3A74200727F1D /* GenresTableViewController.swift in Sources */,
				B52932CB26D3D6BF00727F1D /* UserReviewTableViewController.swift in Sources */,
				B52932C726D3BE9C00727F1D /* MoviePrimaryInfoViewController.swift in Sources */,
				B57E3F3426D2518A00708D4E /* AppDelegate.swift in Sources */,
				B5D0A5712A7D0442005EC1BD /* GenreRouter.swift in Sources */,
				B5D0A5812A7D10C2005EC1BD /* UserReviewResultsModel.swift in Sources */,
				B5D0A5A12A7D22E5005EC1BD /* UserReviewPresenter.swift in Sources */,
				B5D0A5792A7D0ED0005EC1BD /* MovieProductionCompaniesModel.swift in Sources */,
				B5D0A5952A7D1A73005EC1BD /* MoviesFromGenrePresenter.swift in Sources */,
				B5D0A5912A7D14F0005EC1BD /* UserReviewRouter.swift in Sources */,
				B5D0A5932A7D1926005EC1BD /* MoviesFromGenreInteractor.swift in Sources */,
				B5D0A59F2A7D22D3005EC1BD /* UserReviewInteractor.swift in Sources */,
				B5D0A59D2A7D1EAA005EC1BD /* MovieVideosResultModel.swift in Sources */,
				B5CE75EB26D3954F00908EDF /* Interface.swift in Sources */,
				B5D0A58F2A7D14E8005EC1BD /* MoviePrimaryInfoRouter.swift in Sources */,
				B5D0A5732A7D0CDF005EC1BD /* MoviesByGenreResponseModel.swift in Sources */,
				B5D0A57F2A7D1085005EC1BD /* UserReviewResponseModel.swift in Sources */,
			);
			runOnlyForDeploymentPostprocessing = 0;
		};
/* End PBXSourcesBuildPhase section */

/* Begin PBXVariantGroup section */
		B57E3F3926D2518A00708D4E /* Main.storyboard */ = {
			isa = PBXVariantGroup;
			children = (
				B57E3F3A26D2518A00708D4E /* Base */,
			);
			name = Main.storyboard;
			sourceTree = "<group>";
		};
		B57E3F3E26D2518D00708D4E /* LaunchScreen.storyboard */ = {
			isa = PBXVariantGroup;
			children = (
				B57E3F3F26D2518D00708D4E /* Base */,
			);
			name = LaunchScreen.storyboard;
			sourceTree = "<group>";
		};
/* End PBXVariantGroup section */

/* Begin XCBuildConfiguration section */
		B57E3F4226D2518D00708D4E /* Debug */ = {
			isa = XCBuildConfiguration;
			buildSettings = {
				ALWAYS_SEARCH_USER_PATHS = NO;
				CLANG_ANALYZER_NONNULL = YES;
				CLANG_ANALYZER_NUMBER_OBJECT_CONVERSION = YES_AGGRESSIVE;
				CLANG_CXX_LANGUAGE_STANDARD = "gnu++14";
				CLANG_CXX_LIBRARY = "libc++";
				CLANG_ENABLE_MODULES = YES;
				CLANG_ENABLE_OBJC_ARC = YES;
				CLANG_ENABLE_OBJC_WEAK = YES;
				CLANG_WARN_BLOCK_CAPTURE_AUTORELEASING = YES;
				CLANG_WARN_BOOL_CONVERSION = YES;
				CLANG_WARN_COMMA = YES;
				CLANG_WARN_CONSTANT_CONVERSION = YES;
				CLANG_WARN_DEPRECATED_OBJC_IMPLEMENTATIONS = YES;
				CLANG_WARN_DIRECT_OBJC_ISA_USAGE = YES_ERROR;
				CLANG_WARN_DOCUMENTATION_COMMENTS = YES;
				CLANG_WARN_EMPTY_BODY = YES;
				CLANG_WARN_ENUM_CONVERSION = YES;
				CLANG_WARN_INFINITE_RECURSION = YES;
				CLANG_WARN_INT_CONVERSION = YES;
				CLANG_WARN_NON_LITERAL_NULL_CONVERSION = YES;
				CLANG_WARN_OBJC_IMPLICIT_RETAIN_SELF = YES;
				CLANG_WARN_OBJC_LITERAL_CONVERSION = YES;
				CLANG_WARN_OBJC_ROOT_CLASS = YES_ERROR;
				CLANG_WARN_QUOTED_INCLUDE_IN_FRAMEWORK_HEADER = YES;
				CLANG_WARN_RANGE_LOOP_ANALYSIS = YES;
				CLANG_WARN_STRICT_PROTOTYPES = YES;
				CLANG_WARN_SUSPICIOUS_MOVE = YES;
				CLANG_WARN_UNGUARDED_AVAILABILITY = YES_AGGRESSIVE;
				CLANG_WARN_UNREACHABLE_CODE = YES;
				CLANG_WARN__DUPLICATE_METHOD_MATCH = YES;
				COPY_PHASE_STRIP = NO;
				DEBUG_INFORMATION_FORMAT = dwarf;
				ENABLE_STRICT_OBJC_MSGSEND = YES;
				ENABLE_TESTABILITY = YES;
				GCC_C_LANGUAGE_STANDARD = gnu11;
				GCC_DYNAMIC_NO_PIC = NO;
				GCC_NO_COMMON_BLOCKS = YES;
				GCC_OPTIMIZATION_LEVEL = 0;
				GCC_PREPROCESSOR_DEFINITIONS = (
					"DEBUG=1",
					"$(inherited)",
				);
				GCC_WARN_64_TO_32_BIT_CONVERSION = YES;
				GCC_WARN_ABOUT_RETURN_TYPE = YES_ERROR;
				GCC_WARN_UNDECLARED_SELECTOR = YES;
				GCC_WARN_UNINITIALIZED_AUTOS = YES_AGGRESSIVE;
				GCC_WARN_UNUSED_FUNCTION = YES;
				GCC_WARN_UNUSED_VARIABLE = YES;
				IPHONEOS_DEPLOYMENT_TARGET = 14.4;
				MTL_ENABLE_DEBUG_INFO = INCLUDE_SOURCE;
				MTL_FAST_MATH = YES;
				ONLY_ACTIVE_ARCH = YES;
				SDKROOT = iphoneos;
				SWIFT_ACTIVE_COMPILATION_CONDITIONS = DEBUG;
				SWIFT_OPTIMIZATION_LEVEL = "-Onone";
			};
			name = Debug;
		};
		B57E3F4326D2518D00708D4E /* Release */ = {
			isa = XCBuildConfiguration;
			buildSettings = {
				ALWAYS_SEARCH_USER_PATHS = NO;
				CLANG_ANALYZER_NONNULL = YES;
				CLANG_ANALYZER_NUMBER_OBJECT_CONVERSION = YES_AGGRESSIVE;
				CLANG_CXX_LANGUAGE_STANDARD = "gnu++14";
				CLANG_CXX_LIBRARY = "libc++";
				CLANG_ENABLE_MODULES = YES;
				CLANG_ENABLE_OBJC_ARC = YES;
				CLANG_ENABLE_OBJC_WEAK = YES;
				CLANG_WARN_BLOCK_CAPTURE_AUTORELEASING = YES;
				CLANG_WARN_BOOL_CONVERSION = YES;
				CLANG_WARN_COMMA = YES;
				CLANG_WARN_CONSTANT_CONVERSION = YES;
				CLANG_WARN_DEPRECATED_OBJC_IMPLEMENTATIONS = YES;
				CLANG_WARN_DIRECT_OBJC_ISA_USAGE = YES_ERROR;
				CLANG_WARN_DOCUMENTATION_COMMENTS = YES;
				CLANG_WARN_EMPTY_BODY = YES;
				CLANG_WARN_ENUM_CONVERSION = YES;
				CLANG_WARN_INFINITE_RECURSION = YES;
				CLANG_WARN_INT_CONVERSION = YES;
				CLANG_WARN_NON_LITERAL_NULL_CONVERSION = YES;
				CLANG_WARN_OBJC_IMPLICIT_RETAIN_SELF = YES;
				CLANG_WARN_OBJC_LITERAL_CONVERSION = YES;
				CLANG_WARN_OBJC_ROOT_CLASS = YES_ERROR;
				CLANG_WARN_QUOTED_INCLUDE_IN_FRAMEWORK_HEADER = YES;
				CLANG_WARN_RANGE_LOOP_ANALYSIS = YES;
				CLANG_WARN_STRICT_PROTOTYPES = YES;
				CLANG_WARN_SUSPICIOUS_MOVE = YES;
				CLANG_WARN_UNGUARDED_AVAILABILITY = YES_AGGRESSIVE;
				CLANG_WARN_UNREACHABLE_CODE = YES;
				CLANG_WARN__DUPLICATE_METHOD_MATCH = YES;
				COPY_PHASE_STRIP = NO;
				DEBUG_INFORMATION_FORMAT = "dwarf-with-dsym";
				ENABLE_NS_ASSERTIONS = NO;
				ENABLE_STRICT_OBJC_MSGSEND = YES;
				GCC_C_LANGUAGE_STANDARD = gnu11;
				GCC_NO_COMMON_BLOCKS = YES;
				GCC_WARN_64_TO_32_BIT_CONVERSION = YES;
				GCC_WARN_ABOUT_RETURN_TYPE = YES_ERROR;
				GCC_WARN_UNDECLARED_SELECTOR = YES;
				GCC_WARN_UNINITIALIZED_AUTOS = YES_AGGRESSIVE;
				GCC_WARN_UNUSED_FUNCTION = YES;
				GCC_WARN_UNUSED_VARIABLE = YES;
				IPHONEOS_DEPLOYMENT_TARGET = 14.4;
				MTL_ENABLE_DEBUG_INFO = NO;
				MTL_FAST_MATH = YES;
				SDKROOT = iphoneos;
				SWIFT_COMPILATION_MODE = wholemodule;
				SWIFT_OPTIMIZATION_LEVEL = "-O";
				VALIDATE_PRODUCT = YES;
			};
			name = Release;
		};
		B57E3F4526D2518D00708D4E /* Debug */ = {
			isa = XCBuildConfiguration;
			baseConfigurationReference = 985CF656339CEF94FA807ECF /* Pods-TheMovieDB.debug.xcconfig */;
			buildSettings = {
				ASSETCATALOG_COMPILER_APPICON_NAME = AppIcon;
				ASSETCATALOG_COMPILER_GLOBAL_ACCENT_COLOR_NAME = AccentColor;
				CODE_SIGNING_ALLOWED = NO;
				CODE_SIGN_IDENTITY = "";
				CODE_SIGN_STYLE = Automatic;
				CURRENT_PROJECT_VERSION = 2;
				DEVELOPMENT_TEAM = 4TH44LF76V;
				INFOPLIST_FILE = TheMovieDB/Info.plist;
				IPHONEOS_DEPLOYMENT_TARGET = 9.0;
				LD_RUNPATH_SEARCH_PATHS = (
					"$(inherited)",
					"@executable_path/Frameworks",
				);
				MARKETING_VERSION = 2.0;
				PRODUCT_BUNDLE_IDENTIFIER = net.davidhs.themoviedb;
				PRODUCT_NAME = "$(TARGET_NAME)";
				PROVISIONING_PROFILE_SPECIFIER = "";
				SWIFT_VERSION = 5.0;
				TARGETED_DEVICE_FAMILY = 1;
			};
			name = Debug;
		};
		B57E3F4626D2518D00708D4E /* Release */ = {
			isa = XCBuildConfiguration;
			baseConfigurationReference = 583DFDE141E420E8ACB4587A /* Pods-TheMovieDB.release.xcconfig */;
			buildSettings = {
				ASSETCATALOG_COMPILER_APPICON_NAME = AppIcon;
				ASSETCATALOG_COMPILER_GLOBAL_ACCENT_COLOR_NAME = AccentColor;
				CODE_SIGNING_ALLOWED = NO;
				CODE_SIGN_IDENTITY = "";
				CODE_SIGN_STYLE = Automatic;
				CURRENT_PROJECT_VERSION = 2;
				DEVELOPMENT_TEAM = 4TH44LF76V;
				INFOPLIST_FILE = TheMovieDB/Info.plist;
				IPHONEOS_DEPLOYMENT_TARGET = 9.0;
				LD_RUNPATH_SEARCH_PATHS = (
					"$(inherited)",
					"@executable_path/Frameworks",
				);
				MARKETING_VERSION = 2.0;
				PRODUCT_BUNDLE_IDENTIFIER = net.davidhs.themoviedb;
				PRODUCT_NAME = "$(TARGET_NAME)";
				PROVISIONING_PROFILE_SPECIFIER = "";
				SWIFT_VERSION = 5.0;
				TARGETED_DEVICE_FAMILY = 1;
			};
			name = Release;
		};
/* End XCBuildConfiguration section */

/* Begin XCConfigurationList section */
		B57E3F2B26D2518A00708D4E /* Build configuration list for PBXProject "TheMovieDB" */ = {
			isa = XCConfigurationList;
			buildConfigurations = (
				B57E3F4226D2518D00708D4E /* Debug */,
				B57E3F4326D2518D00708D4E /* Release */,
			);
			defaultConfigurationIsVisible = 0;
			defaultConfigurationName = Release;
		};
		B57E3F4426D2518D00708D4E /* Build configuration list for PBXNativeTarget "TheMovieDB" */ = {
			isa = XCConfigurationList;
			buildConfigurations = (
				B57E3F4526D2518D00708D4E /* Debug */,
				B57E3F4626D2518D00708D4E /* Release */,
			);
			defaultConfigurationIsVisible = 0;
			defaultConfigurationName = Release;
		};
/* End XCConfigurationList section */
	};
	rootObject = B57E3F2826D2518A00708D4E /* Project object */;
}
